{
  "version": 4,
  "terraform_version": "0.12.18",
  "serial": 59,
  "lineage": "5780b048-4652-1c0b-30f0-94f4db7ea56b",
  "outputs": {},
  "resources": [
    {
      "module": "module.vpc_networking",
      "mode": "data",
      "type": "aws_availability_zones",
      "name": "available",
      "provider": "provider.aws",
      "instances": [
        {
          "schema_version": 0,
          "attributes": {
            "blacklisted_names": null,
            "blacklisted_zone_ids": null,
            "id": "2020-03-26 15:09:06.886679 +0000 UTC",
            "names": [
              "ap-southeast-1a",
              "ap-southeast-1b",
              "ap-southeast-1c"
            ],
            "state": null,
            "zone_ids": [
              "apse1-az1",
              "apse1-az2",
              "apse1-az3"
            ]
          }
        }
      ]
    },
    {
      "module": "module.vpc_networking",
      "mode": "managed",
      "type": "aws_eip",
      "name": "elastic_ip_nat",
      "provider": "provider.aws",
      "instances": [
        {
          "schema_version": 0,
          "attributes": {
            "allocation_id": null,
            "associate_with_private_ip": null,
            "association_id": "",
            "domain": "vpc",
            "id": "eipalloc-0c9e98a33cab052e1",
            "instance": "",
            "network_interface": "",
            "private_dns": null,
            "private_ip": "",
            "public_dns": "ec2-52-220-237-10.ap-southeast-1.compute.amazonaws.com",
            "public_ip": "52.220.237.10",
            "public_ipv4_pool": "amazon",
            "tags": null,
            "timeouts": null,
            "vpc": true
          },
          "private": "eyJlMmJmYjczMC1lY2FhLTExZTYtOGY4OC0zNDM2M2JjN2M0YzAiOnsiZGVsZXRlIjoxODAwMDAwMDAwMDAsInJlYWQiOjkwMDAwMDAwMDAwMCwidXBkYXRlIjozMDAwMDAwMDAwMDB9fQ=="
        }
      ]
    },
    {
      "module": "module.vpc_networking",
      "mode": "managed",
      "type": "aws_internet_gateway",
      "name": "igw",
      "provider": "provider.aws",
      "instances": [
        {
          "schema_version": 0,
          "attributes": {
            "id": "igw-0ba410dfd5540a353",
            "owner_id": "107082111359",
            "tags": {
              "Name": "hello-igw"
            },
            "vpc_id": "vpc-0d507fd1506debe42"
          },
          "private": "bnVsbA==",
          "dependencies": [
            "module.vpc_networking.aws_vpc.main"
          ]
        }
      ]
    },
    {
      "module": "module.vpc_networking",
      "mode": "managed",
      "type": "aws_nat_gateway",
      "name": "my-test-nat-gateway",
      "provider": "provider.aws",
      "instances": [
        {
          "schema_version": 0,
          "attributes": {
            "allocation_id": "eipalloc-0c9e98a33cab052e1",
            "id": "nat-013131c7eb94b36a6",
            "network_interface_id": "eni-03f791b998d69767a",
            "private_ip": "10.0.1.59",
            "public_ip": "52.220.237.10",
            "subnet_id": "subnet-0bcd4b6470db55f3e",
            "tags": {
              "Name": "hello-nat"
            }
          },
          "private": "bnVsbA==",
          "dependencies": [
            "module.vpc_networking.aws_eip.elastic_ip_nat",
            "module.vpc_networking.aws_subnet.public_subnet",
            "module.vpc_networking.aws_vpc.main"
          ]
        }
      ]
    },
    {
      "module": "module.vpc_networking",
      "mode": "managed",
      "type": "aws_route_table",
      "name": "public_route",
      "provider": "provider.aws",
      "instances": [
        {
          "schema_version": 0,
          "attributes": {
            "id": "rtb-0319d010842a6eb49",
            "owner_id": "107082111359",
            "propagating_vgws": [],
            "route": [
              {
                "cidr_block": "0.0.0.0/0",
                "egress_only_gateway_id": "",
                "gateway_id": "igw-0ba410dfd5540a353",
                "instance_id": "",
                "ipv6_cidr_block": "",
                "nat_gateway_id": "",
                "network_interface_id": "",
                "transit_gateway_id": "",
                "vpc_peering_connection_id": ""
              }
            ],
            "tags": {
              "Name": "public-route-table"
            },
            "vpc_id": "vpc-0d507fd1506debe42"
          },
          "private": "bnVsbA==",
          "dependencies": [
            "module.vpc_networking.aws_internet_gateway.igw",
            "module.vpc_networking.aws_vpc.main"
          ]
        }
      ]
    },
    {
      "module": "module.vpc_networking",
      "mode": "managed",
      "type": "aws_route_table_association",
      "name": "public_subnet_assoc",
      "each": "list",
      "provider": "provider.aws",
      "instances": [
        {
          "index_key": 0,
          "schema_version": 0,
          "attributes": {
            "gateway_id": null,
            "id": "rtbassoc-0e1a327f23c9accc6",
            "route_table_id": "rtb-0319d010842a6eb49",
            "subnet_id": "subnet-0bcd4b6470db55f3e"
          },
          "private": "bnVsbA==",
          "dependencies": [
            "module.vpc_networking.aws_internet_gateway.igw",
            "module.vpc_networking.aws_route_table.public_route",
            "module.vpc_networking.aws_subnet.public_subnet",
            "module.vpc_networking.aws_vpc.main"
          ]
        },
        {
          "index_key": 1,
          "schema_version": 0,
          "attributes": {
            "gateway_id": null,
            "id": "rtbassoc-06cfca9354f59085c",
            "route_table_id": "rtb-0319d010842a6eb49",
            "subnet_id": "subnet-07a7899d18b866cb0"
          },
          "private": "bnVsbA==",
          "dependencies": [
            "module.vpc_networking.aws_internet_gateway.igw",
            "module.vpc_networking.aws_route_table.public_route",
            "module.vpc_networking.aws_subnet.public_subnet",
            "module.vpc_networking.aws_vpc.main"
          ]
        }
      ]
    },
    {
      "module": "module.vpc_networking",
      "mode": "managed",
      "type": "aws_subnet",
      "name": "private_subnet",
      "each": "list",
      "provider": "provider.aws",
      "instances": [
        {
          "index_key": 0,
          "schema_version": 1,
          "attributes": {
            "arn": "arn:aws:ec2:ap-southeast-1:107082111359:subnet/subnet-029ea4f63c7ecf7f3",
            "assign_ipv6_address_on_creation": false,
            "availability_zone": "ap-southeast-1a",
            "availability_zone_id": "apse1-az1",
            "cidr_block": "10.0.3.0/24",
            "id": "subnet-029ea4f63c7ecf7f3",
            "ipv6_cidr_block": "",
            "ipv6_cidr_block_association_id": "",
            "map_public_ip_on_launch": false,
            "owner_id": "107082111359",
            "tags": {
              "Name": "hello-private:1"
            },
            "timeouts": null,
            "vpc_id": "vpc-0d507fd1506debe42"
          },
          "private": "eyJlMmJmYjczMC1lY2FhLTExZTYtOGY4OC0zNDM2M2JjN2M0YzAiOnsiY3JlYXRlIjo2MDAwMDAwMDAwMDAsImRlbGV0ZSI6MTIwMDAwMDAwMDAwMH0sInNjaGVtYV92ZXJzaW9uIjoiMSJ9",
          "dependencies": [
            "module.vpc_networking.aws_vpc.main"
          ]
        },
        {
          "index_key": 1,
          "schema_version": 1,
          "attributes": {
            "arn": "arn:aws:ec2:ap-southeast-1:107082111359:subnet/subnet-05cff9c1aa48b6f53",
            "assign_ipv6_address_on_creation": false,
            "availability_zone": "ap-southeast-1b",
            "availability_zone_id": "apse1-az2",
            "cidr_block": "10.0.4.0/24",
            "id": "subnet-05cff9c1aa48b6f53",
            "ipv6_cidr_block": "",
            "ipv6_cidr_block_association_id": "",
            "map_public_ip_on_launch": false,
            "owner_id": "107082111359",
            "tags": {
              "Name": "hello-private:2"
            },
            "timeouts": null,
            "vpc_id": "vpc-0d507fd1506debe42"
          },
          "private": "eyJlMmJmYjczMC1lY2FhLTExZTYtOGY4OC0zNDM2M2JjN2M0YzAiOnsiY3JlYXRlIjo2MDAwMDAwMDAwMDAsImRlbGV0ZSI6MTIwMDAwMDAwMDAwMH0sInNjaGVtYV92ZXJzaW9uIjoiMSJ9",
          "dependencies": [
            "module.vpc_networking.aws_vpc.main"
          ]
        }
      ]
    },
    {
      "module": "module.vpc_networking",
      "mode": "managed",
      "type": "aws_subnet",
      "name": "public_subnet",
      "each": "list",
      "provider": "provider.aws",
      "instances": [
        {
          "index_key": 0,
          "schema_version": 1,
          "attributes": {
            "arn": "arn:aws:ec2:ap-southeast-1:107082111359:subnet/subnet-0bcd4b6470db55f3e",
            "assign_ipv6_address_on_creation": false,
            "availability_zone": "ap-southeast-1a",
            "availability_zone_id": "apse1-az1",
            "cidr_block": "10.0.1.0/24",
            "id": "subnet-0bcd4b6470db55f3e",
            "ipv6_cidr_block": "",
            "ipv6_cidr_block_association_id": "",
            "map_public_ip_on_launch": true,
            "owner_id": "107082111359",
            "tags": {
              "Name": "hello-public:1"
            },
            "timeouts": null,
            "vpc_id": "vpc-0d507fd1506debe42"
          },
          "private": "eyJlMmJmYjczMC1lY2FhLTExZTYtOGY4OC0zNDM2M2JjN2M0YzAiOnsiY3JlYXRlIjo2MDAwMDAwMDAwMDAsImRlbGV0ZSI6MTIwMDAwMDAwMDAwMH0sInNjaGVtYV92ZXJzaW9uIjoiMSJ9",
          "dependencies": [
            "module.vpc_networking.aws_vpc.main"
          ]
        },
        {
          "index_key": 1,
          "schema_version": 1,
          "attributes": {
            "arn": "arn:aws:ec2:ap-southeast-1:107082111359:subnet/subnet-07a7899d18b866cb0",
            "assign_ipv6_address_on_creation": false,
            "availability_zone": "ap-southeast-1b",
            "availability_zone_id": "apse1-az2",
            "cidr_block": "10.0.2.0/24",
            "id": "subnet-07a7899d18b866cb0",
            "ipv6_cidr_block": "",
            "ipv6_cidr_block_association_id": "",
            "map_public_ip_on_launch": true,
            "owner_id": "107082111359",
            "tags": {
              "Name": "hello-public:2"
            },
            "timeouts": null,
            "vpc_id": "vpc-0d507fd1506debe42"
          },
          "private": "eyJlMmJmYjczMC1lY2FhLTExZTYtOGY4OC0zNDM2M2JjN2M0YzAiOnsiY3JlYXRlIjo2MDAwMDAwMDAwMDAsImRlbGV0ZSI6MTIwMDAwMDAwMDAwMH0sInNjaGVtYV92ZXJzaW9uIjoiMSJ9",
          "dependencies": [
            "module.vpc_networking.aws_vpc.main"
          ]
        }
      ]
    },
    {
      "module": "module.vpc_networking",
      "mode": "managed",
      "type": "aws_vpc",
      "name": "main",
      "provider": "provider.aws",
      "instances": [
        {
          "schema_version": 1,
          "attributes": {
            "arn": "arn:aws:ec2:ap-southeast-1:107082111359:vpc/vpc-0d507fd1506debe42",
            "assign_generated_ipv6_cidr_block": false,
            "cidr_block": "10.0.0.0/16",
            "default_network_acl_id": "acl-05dfc080120ad4162",
            "default_route_table_id": "rtb-0ed071f5c06c88b29",
            "default_security_group_id": "sg-02567b39f82c9879f",
            "dhcp_options_id": "dopt-55343c32",
            "enable_classiclink": false,
            "enable_classiclink_dns_support": false,
            "enable_dns_hostnames": true,
            "enable_dns_support": true,
            "id": "vpc-0d507fd1506debe42",
            "instance_tenancy": "default",
            "ipv6_association_id": "",
            "ipv6_cidr_block": "",
            "main_route_table_id": "rtb-0ed071f5c06c88b29",
            "owner_id": "107082111359",
            "tags": {
              "Name": "hello-vpc"
            }
          },
          "private": "eyJzY2hlbWFfdmVyc2lvbiI6IjEifQ=="
        }
      ]
    }
  ]
}
