{
  "version": 4,
  "terraform_version": "0.12.18",
  "serial": 39,
  "lineage": "5780b048-4652-1c0b-30f0-94f4db7ea56b",
  "outputs": {},
  "resources": [
    {
      "module": "module.vpc_networking",
      "mode": "data",
      "type": "aws_availability_zones",
      "name": "available",
      "provider": "provider.aws",
      "instances": [
        {
          "schema_version": 0,
          "attributes": {
            "blacklisted_names": null,
            "blacklisted_zone_ids": null,
            "id": "2020-03-26 14:29:14.727577 +0000 UTC",
            "names": [
              "ap-southeast-1a",
              "ap-southeast-1b",
              "ap-southeast-1c"
            ],
            "state": null,
            "zone_ids": [
              "apse1-az1",
              "apse1-az2",
              "apse1-az3"
            ]
          }
        }
      ]
    },
    {
      "module": "module.vpc_networking",
      "mode": "managed",
      "type": "aws_eip",
      "name": "elastic_ip_nat",
      "provider": "provider.aws",
      "instances": [
        {
          "schema_version": 0,
          "attributes": {
            "allocation_id": null,
            "associate_with_private_ip": null,
            "association_id": "",
            "domain": "vpc",
            "id": "eipalloc-0bb56dd2111bb7976",
            "instance": "",
            "network_interface": "",
            "private_dns": null,
            "private_ip": "",
            "public_dns": "ec2-18-140-222-132.ap-southeast-1.compute.amazonaws.com",
            "public_ip": "18.140.222.132",
            "public_ipv4_pool": "amazon",
            "tags": null,
            "timeouts": null,
            "vpc": true
          },
          "private": "eyJlMmJmYjczMC1lY2FhLTExZTYtOGY4OC0zNDM2M2JjN2M0YzAiOnsiZGVsZXRlIjoxODAwMDAwMDAwMDAsInJlYWQiOjkwMDAwMDAwMDAwMCwidXBkYXRlIjozMDAwMDAwMDAwMDB9fQ=="
        }
      ]
    },
    {
      "module": "module.vpc_networking",
      "mode": "managed",
      "type": "aws_internet_gateway",
      "name": "igw",
      "provider": "provider.aws",
      "instances": [
        {
          "schema_version": 0,
          "attributes": {
            "id": "igw-0b3f7666537af3aa2",
            "owner_id": "107082111359",
            "tags": {
              "Name": "hello-igw"
            },
            "vpc_id": "vpc-0a101f2c130c01dac"
          },
          "private": "bnVsbA==",
          "dependencies": [
            "module.vpc_networking.aws_vpc.main"
          ]
        }
      ]
    },
    {
      "module": "module.vpc_networking",
      "mode": "managed",
      "type": "aws_nat_gateway",
      "name": "my-test-nat-gateway",
      "provider": "provider.aws",
      "instances": [
        {
          "schema_version": 0,
          "attributes": {
            "allocation_id": "eipalloc-0bb56dd2111bb7976",
            "id": "nat-00526469e1188d986",
            "network_interface_id": "eni-07f7c28bfab322684",
            "private_ip": "10.0.1.25",
            "public_ip": "18.140.222.132",
            "subnet_id": "subnet-0248c8e0afbd848f9",
            "tags": {
              "Name": "hello-nat"
            }
          },
          "private": "bnVsbA==",
          "dependencies": [
            "module.vpc_networking.aws_eip.elastic_ip_nat",
            "module.vpc_networking.aws_subnet.public_subnet",
            "module.vpc_networking.aws_vpc.main"
          ]
        }
      ]
    },
    {
      "module": "module.vpc_networking",
      "mode": "managed",
      "type": "aws_subnet",
      "name": "public_subnet",
      "each": "list",
      "provider": "provider.aws",
      "instances": [
        {
          "index_key": 0,
          "schema_version": 1,
          "attributes": {
            "arn": "arn:aws:ec2:ap-southeast-1:107082111359:subnet/subnet-0248c8e0afbd848f9",
            "assign_ipv6_address_on_creation": false,
            "availability_zone": "ap-southeast-1a",
            "availability_zone_id": "apse1-az1",
            "cidr_block": "10.0.1.0/24",
            "id": "subnet-0248c8e0afbd848f9",
            "ipv6_cidr_block": "",
            "ipv6_cidr_block_association_id": "",
            "map_public_ip_on_launch": true,
            "owner_id": "107082111359",
            "tags": {
              "Name": "hello-public.1"
            },
            "timeouts": null,
            "vpc_id": "vpc-0a101f2c130c01dac"
          },
          "private": "eyJlMmJmYjczMC1lY2FhLTExZTYtOGY4OC0zNDM2M2JjN2M0YzAiOnsiY3JlYXRlIjo2MDAwMDAwMDAwMDAsImRlbGV0ZSI6MTIwMDAwMDAwMDAwMH0sInNjaGVtYV92ZXJzaW9uIjoiMSJ9",
          "dependencies": [
            "module.vpc_networking.aws_vpc.main"
          ]
        },
        {
          "index_key": 1,
          "schema_version": 1,
          "attributes": {
            "arn": "arn:aws:ec2:ap-southeast-1:107082111359:subnet/subnet-08e6200191cf8baed",
            "assign_ipv6_address_on_creation": false,
            "availability_zone": "ap-southeast-1b",
            "availability_zone_id": "apse1-az2",
            "cidr_block": "10.0.2.0/24",
            "id": "subnet-08e6200191cf8baed",
            "ipv6_cidr_block": "",
            "ipv6_cidr_block_association_id": "",
            "map_public_ip_on_launch": true,
            "owner_id": "107082111359",
            "tags": {
              "Name": "hello-public.2"
            },
            "timeouts": null,
            "vpc_id": "vpc-0a101f2c130c01dac"
          },
          "private": "eyJlMmJmYjczMC1lY2FhLTExZTYtOGY4OC0zNDM2M2JjN2M0YzAiOnsiY3JlYXRlIjo2MDAwMDAwMDAwMDAsImRlbGV0ZSI6MTIwMDAwMDAwMDAwMH0sInNjaGVtYV92ZXJzaW9uIjoiMSJ9",
          "dependencies": [
            "module.vpc_networking.aws_vpc.main"
          ]
        }
      ]
    },
    {
      "module": "module.vpc_networking",
      "mode": "managed",
      "type": "aws_vpc",
      "name": "main",
      "provider": "provider.aws",
      "instances": [
        {
          "schema_version": 1,
          "attributes": {
            "arn": "arn:aws:ec2:ap-southeast-1:107082111359:vpc/vpc-0a101f2c130c01dac",
            "assign_generated_ipv6_cidr_block": false,
            "cidr_block": "10.0.0.0/16",
            "default_network_acl_id": "acl-0f4cb3b032e7e93f5",
            "default_route_table_id": "rtb-04a08b35c3871a6d2",
            "default_security_group_id": "sg-0a3c5b4df4ef697b4",
            "dhcp_options_id": "dopt-55343c32",
            "enable_classiclink": false,
            "enable_classiclink_dns_support": false,
            "enable_dns_hostnames": true,
            "enable_dns_support": true,
            "id": "vpc-0a101f2c130c01dac",
            "instance_tenancy": "default",
            "ipv6_association_id": "",
            "ipv6_cidr_block": "",
            "main_route_table_id": "rtb-04a08b35c3871a6d2",
            "owner_id": "107082111359",
            "tags": {
              "Name": "hello-vpc"
            }
          },
          "private": "eyJzY2hlbWFfdmVyc2lvbiI6IjEifQ=="
        }
      ]
    }
  ]
}
