{
  "version": 4,
  "terraform_version": "0.12.18",
  "serial": 3,
  "lineage": "5780b048-4652-1c0b-30f0-94f4db7ea56b",
  "outputs": {},
  "resources": [
    {
      "module": "module.vpc_networking",
      "mode": "managed",
      "type": "aws_internet_gateway",
      "name": "igw",
      "provider": "provider.aws",
      "instances": [
        {
          "schema_version": 0,
          "attributes": {
            "id": "igw-067d4a1149adbbc1c",
            "owner_id": "107082111359",
            "tags": {
              "Name": "hello-igw"
            },
            "vpc_id": "vpc-081851f5ed30a20f2"
          },
          "private": "bnVsbA==",
          "dependencies": [
            "module.vpc_networking.aws_vpc.main"
          ]
        }
      ]
    },
    {
      "module": "module.vpc_networking",
      "mode": "managed",
      "type": "aws_vpc",
      "name": "main",
      "provider": "provider.aws",
      "instances": [
        {
          "schema_version": 1,
          "attributes": {
            "arn": "arn:aws:ec2:ap-southeast-1:107082111359:vpc/vpc-081851f5ed30a20f2",
            "assign_generated_ipv6_cidr_block": false,
            "cidr_block": "10.0.0.0/16",
            "default_network_acl_id": "acl-03f443310c3e3c202",
            "default_route_table_id": "rtb-09f2b8a34a638c345",
            "default_security_group_id": "sg-0029cc642b0dd0cc8",
            "dhcp_options_id": "dopt-55343c32",
            "enable_classiclink": false,
            "enable_classiclink_dns_support": false,
            "enable_dns_hostnames": true,
            "enable_dns_support": true,
            "id": "vpc-081851f5ed30a20f2",
            "instance_tenancy": "default",
            "ipv6_association_id": "",
            "ipv6_cidr_block": "",
            "main_route_table_id": "rtb-09f2b8a34a638c345",
            "owner_id": "107082111359",
            "tags": {
              "Name": "hello-vpc"
            }
          },
          "private": "eyJzY2hlbWFfdmVyc2lvbiI6IjEifQ=="
        }
      ]
    }
  ]
}
